
Microsoft Visual Studio Solution File, Format Version 12.00
# Visual Studio Version 16
VisualStudioVersion = 16.0.30204.135
MinimumVisualStudioVersion = 10.0.40219.1
Project("{FAE04EC0-301F-11D3-BF4B-00C04F79EFBC}") = "BlazorMVVMToDo", "BlazorMVVMToDo\BlazorMVVMToDo.csproj", "{4D5C3353-4E71-42B9-B720-3B880FDA1120}"
EndProject
Global
	GlobalSection(SolutionConfigurationPlatforms) = preSolution
		Debug|Any CPU = Debug|Any CPU
		Release|Any CPU = Release|Any CPU
	EndGlobalSection
	GlobalSection(ProjectConfigurationPlatforms) = postSolution
		{4D5C3353-4E71-42B9-B720-3B880FDA1120}.Debug|Any CPU.ActiveCfg = Debug|Any CPU
		{4D5C3353-4E71-42B9-B720-3B880FDA1120}.Debug|Any CPU.Build.0 = Debug|Any CPU
		{4D5C3353-4E71-42B9-B720-3B880FDA1120}.Release|Any CPU.ActiveCfg = Release|Any CPU
		{4D5C3353-4E71-42B9-B720-3B880FDA1120}.Release|Any CPU.Build.0 = Release|Any CPU
	EndGlobalSection
	GlobalSection(SolutionProperties) = preSolution
		HideSolutionNode = FALSE
	EndGlobalSection
	GlobalSection(ExtensibilityGlobals) = postSolution
		SolutionGuid = {178A8E83-BA9F-4907-8BDD-2C51C609C0E9}
	EndGlobalSection
EndGlobal
