
Microsoft Visual Studio Solution File, Format Version 12.00
# Visual Studio Version 17
VisualStudioVersion = 17.4.33213.308
MinimumVisualStudioVersion = 10.0.40219.1
Project("{FAE04EC0-301F-11D3-BF4B-00C04F79EFBC}") = "UsingMVVMPattern", "UsingMVVMPattern.csproj", "{4F10D57C-BB82-445B-8D32-673F388EB602}"
EndProject
Global
	GlobalSection(SolutionConfigurationPlatforms) = preSolution
		Debug|Any CPU = Debug|Any CPU
		Release|Any CPU = Release|Any CPU
	EndGlobalSection
	GlobalSection(ProjectConfigurationPlatforms) = postSolution
		{4F10D57C-BB82-445B-8D32-673F388EB602}.Debug|Any CPU.ActiveCfg = Debug|Any CPU
		{4F10D57C-BB82-445B-8D32-673F388EB602}.Debug|Any CPU.Build.0 = Debug|Any CPU
		{4F10D57C-BB82-445B-8D32-673F388EB602}.Release|Any CPU.ActiveCfg = Release|Any CPU
		{4F10D57C-BB82-445B-8D32-673F388EB602}.Release|Any CPU.Build.0 = Release|Any CPU
	EndGlobalSection
	GlobalSection(SolutionProperties) = preSolution
		HideSolutionNode = FALSE
	EndGlobalSection
	GlobalSection(ExtensibilityGlobals) = postSolution
		SolutionGuid = {D4AC9D3D-73FD-412D-BE44-8561D8ACB443}
	EndGlobalSection
EndGlobal
